<?xml version="1.0" encoding="utf-8"?>
<Project ToolsVersion="18.0" xmlns="http://schemas.microsoft.com/developer/msbuild/2003">
  <ItemGroup>
    <CustomBuild Include="D:\Dev\C++\CMakeFiles\b68d57d94ee5e5f69708c665f00d9374\RUN_TESTS_force.rule">
      <Filter>CMake Rules</Filter>
    </CustomBuild>
  </ItemGroup>
  <ItemGroup>
    <Filter Include="CMake Rules">
      <UniqueIdentifier>{C03604F6-DAFA-3C8A-8958-7B1F96DB4B41}</UniqueIdentifier>
    </Filter>
  </ItemGroup>
</Project>
