<?xml version="1.0" encoding="UTF-8"?>
<Solution>
	<Configurations>
		<BuildType Name="Debug"/>
		<BuildType Name="Release"/>
		<BuildType Name="MinSizeRel"/>
		<BuildType Name="RelWithDebInfo"/>
		<Platform Name="x64"/>
	</Configurations>
	<Project Path="ALL_BUILD.vcxproj" Type="8bc9ceb8-8b4a-11d0-8d11-00a0c91bc942" Id="34bad001-5145-3f1a-8d0c-394489e527d1" DefaultStartup="true">
		<BuildDependency Project="ZERO_CHECK.vcxproj"/>
		<BuildDependency Project="scf_cli.vcxproj"/>
		<BuildDependency Project="scf_core.vcxproj"/>
		<BuildDependency Project="scf_synthetic_generator.vcxproj"/>
		<BuildDependency Project="scf_tests.vcxproj"/>
		<Build Solution="Debug|*" Project="false"/>
		<Build Solution="Release|*" Project="false"/>
		<Build Solution="MinSizeRel|*" Project="false"/>
		<Build Solution="RelWithDebInfo|*" Project="false"/>
	</Project>
	<Project Path="RUN_TESTS.vcxproj" Type="8bc9ceb8-8b4a-11d0-8d11-00a0c91bc942" Id="ac91b05f-afb7-3d7f-a2ea-7f1b28d3751f">
		<BuildDependency Project="ZERO_CHECK.vcxproj"/>
		<Build Solution="Debug|*" Project="false"/>
		<Build Solution="Release|*" Project="false"/>
		<Build Solution="MinSizeRel|*" Project="false"/>
		<Build Solution="RelWithDebInfo|*" Project="false"/>
	</Project>
	<Project Path="ZERO_CHECK.vcxproj" Type="8bc9ceb8-8b4a-11d0-8d11-00a0c91bc942" Id="c0cc1a1e-8a18-30c2-aa01-03a3be1a9eb3"/>
	<Project Path="scf_cli.vcxproj" Type="8bc9ceb8-8b4a-11d0-8d11-00a0c91bc942" Id="5e3f6c54-701d-32f0-be85-947261d27725">
		<BuildDependency Project="ZERO_CHECK.vcxproj"/>
		<BuildDependency Project="scf_core.vcxproj"/>
	</Project>
	<Project Path="scf_core.vcxproj" Type="8bc9ceb8-8b4a-11d0-8d11-00a0c91bc942" Id="4b6121df-95da-3130-bf9f-04298237846f">
		<BuildDependency Project="ZERO_CHECK.vcxproj"/>
	</Project>
	<Project Path="scf_synthetic_generator.vcxproj" Type="8bc9ceb8-8b4a-11d0-8d11-00a0c91bc942" Id="a27594db-9167-380e-a8fc-13ebbb79a1c6">
		<BuildDependency Project="ZERO_CHECK.vcxproj"/>
	</Project>
	<Project Path="scf_tests.vcxproj" Type="8bc9ceb8-8b4a-11d0-8d11-00a0c91bc942" Id="55a74660-ce8d-35b2-a16d-8bd6742e92e8">
		<BuildDependency Project="ZERO_CHECK.vcxproj"/>
		<BuildDependency Project="scf_core.vcxproj"/>
	</Project>
</Solution>
